shady 0.1.4 https://github.com/treeform/shady 9f322cfd0c3cfc1840eabe2504ff31411f6cd857
silky 0.0.1 https://github.com/treeform/silky 237c5e7ca3c7bf85757a66819f2124de30ed54d3
vmath 2.0.1 https://github.com/treeform/vmath ddfcd738578c47ed3330b917f5efecf5a15128b2
chroma 1.0.0 https://github.com/treeform/chroma 2381748f92e5ea16cb2403ff7e20c6dd5443a59d
boxy 0.7.0 https://github.com/treeform/boxy f064ead838dbf980a520c827bc0fb600b8ea2364
windy 0.4.4 https://github.com/treeform/windy 89b13ee0b4245d5fc96ca0622d7cebc1f56fe6eb
opengl 1.2.9 https://github.com/nim-lang/opengl 8e2e098f82dc5eefd874488c37b5830233cd18f4
