https://github.com/treeform/shady.git#head  https://github.com/treeform/shady.git#head 002fa141db0f0ecfd43b177a3ccf8df8011427b9
https://github.com/treeform/silky  https://github.com/treeform/silky 2931f149268543c90bdeffa05066442bee3b7631
https://gitea.solution-nine.monofuel.dev/Monolab/Racha  https://gitea.solution-nine.monofuel.dev/Monolab/Racha b0e9bc5a67be173f7468dd15132562a4583b8c87